{
  "name": "namuem-main",
  "lockfileVersion": 3,
  "requires": true,
  "packages": {
    "": {
      "dependencies": {
        "@openai/codex": "^0.107.0",
        "xss": "^1.0.15"
      }
    },
    "node_modules/@openai/codex": {
      "version": "0.107.0",
      "resolved": "https://registry.npmjs.org/@openai/codex/-/codex-0.107.0.tgz",
      "integrity": "sha512-bAHmp4I3YNEqeR5U+LA5yViecDTlLVAJ+EGo8h647f0DClEWxFtyKXzyBJQ/kcL1G3bzstOTcuVpTdjhvJoe6g==",
      "bin": {
        "codex": "bin/codex.js"
      },
      "engines": {
        "node": ">=16"
      },
      "optionalDependencies": {
        "@openai/codex-darwin-arm64": "npm:@openai/codex@0.107.0-darwin-arm64",
        "@openai/codex-darwin-x64": "npm:@openai/codex@0.107.0-darwin-x64",
        "@openai/codex-linux-arm64": "npm:@openai/codex@0.107.0-linux-arm64",
        "@openai/codex-linux-x64": "npm:@openai/codex@0.107.0-linux-x64",
        "@openai/codex-win32-arm64": "npm:@openai/codex@0.107.0-win32-arm64",
        "@openai/codex-win32-x64": "npm:@openai/codex@0.107.0-win32-x64"
      }
    },
    "node_modules/@openai/codex-darwin-arm64": {
      "name": "@openai/codex",
      "version": "0.107.0-darwin-arm64",
      "resolved": "https://registry.npmjs.org/@openai/codex/-/codex-0.107.0-darwin-arm64.tgz",
      "integrity": "sha512-g8u0nsns9JaHNYehVuw1eSL/83BSuBsmdOo2rrEU0D1rKI/QoIQSv6S6offZnQFerCHeqj0LabxYzqUTBzEh0g==",
      "cpu": [
        "arm64"
      ],
      "optional": true,
      "os": [
        "darwin"
      ],
      "engines": {
        "node": ">=16"
      }
    },
    "node_modules/@openai/codex-darwin-x64": {
      "name": "@openai/codex",
      "version": "0.107.0-darwin-x64",
      "resolved": "https://registry.npmjs.org/@openai/codex/-/codex-0.107.0-darwin-x64.tgz",
      "integrity": "sha512-uDCfszYS/9RL6fMBqnLyFloBCa/Lgvqjt/P2izrByRANlHZG4Nwn1Sayn7v2TugvOJ5fBPZMRcaloqfjowmdEQ==",
      "cpu": [
        "x64"
      ],
      "optional": true,
      "os": [
        "darwin"
      ],
      "engines": {
        "node": ">=16"
      }
    },
    "node_modules/@openai/codex-linux-arm64": {
      "name": "@openai/codex",
      "version": "0.107.0-linux-arm64",
      "resolved": "https://registry.npmjs.org/@openai/codex/-/codex-0.107.0-linux-arm64.tgz",
      "integrity": "sha512-iAPYuXfACBSjVf4DPkN8YFawFGXPORzm7hDJhkzqqQvXRSyeZDaVkdT81FhaNIjm1rcaMnMDGJn2M+tOwmGy0w==",
      "cpu": [
        "arm64"
      ],
      "optional": true,
      "os": [
        "linux"
      ],
      "engines": {
        "node": ">=16"
      }
    },
    "node_modules/@openai/codex-linux-x64": {
      "name": "@openai/codex",
      "version": "0.107.0-linux-x64",
      "resolved": "https://registry.npmjs.org/@openai/codex/-/codex-0.107.0-linux-x64.tgz",
      "integrity": "sha512-h9SG15CrNihjHwSiYBU3dxMWH2r9fQIBPxFIpWnSUnjE5/YaXusbJQEvC+5u+g6CzUXX40fFsm3gVWV9uzX7Og==",
      "cpu": [
        "x64"
      ],
      "optional": true,
      "os": [
        "linux"
      ],
      "engines": {
        "node": ">=16"
      }
    },
    "node_modules/@openai/codex-win32-arm64": {
      "name": "@openai/codex",
      "version": "0.107.0-win32-arm64",
      "resolved": "https://registry.npmjs.org/@openai/codex/-/codex-0.107.0-win32-arm64.tgz",
      "integrity": "sha512-LHGQA2h/L72NRFcdIjKN/+V2nFXfuHDSQcI1Qdt9/7fUdcpb/pqN1n7U5rujccuTCf0ihk4XhGywAwiwPsjmWA==",
      "cpu": [
        "arm64"
      ],
      "optional": true,
      "os": [
        "win32"
      ],
      "engines": {
        "node": ">=16"
      }
    },
    "node_modules/@openai/codex-win32-x64": {
      "name": "@openai/codex",
      "version": "0.107.0-win32-x64",
      "resolved": "https://registry.npmjs.org/@openai/codex/-/codex-0.107.0-win32-x64.tgz",
      "integrity": "sha512-Iq1UOxj2El/syo8abN0/7Z6ICIVTW7tY9DJbdx01wjQYbi6Ecb8e66iTNFq65Mingq7vG7QWvYGyLycVztHFuw==",
      "cpu": [
        "x64"
      ],
      "optional": true,
      "os": [
        "win32"
      ],
      "engines": {
        "node": ">=16"
      }
    },
    "node_modules/commander": {
      "version": "2.20.3",
      "resolved": "https://registry.npmjs.org/commander/-/commander-2.20.3.tgz",
      "integrity": "sha512-GpVkmM8vF2vQUkj2LvZmD35JxeJOLCwJ9cUkugyk2nuhbv3+mJvpLYYt+0+USMxE+oj+ey/lJEnhZw75x/OMcQ=="
    },
    "node_modules/cssfilter": {
      "version": "0.0.10",
      "resolved": "https://registry.npmjs.org/cssfilter/-/cssfilter-0.0.10.tgz",
      "integrity": "sha512-FAaLDaplstoRsDR8XGYH51znUN0UY7nMc6Z9/fvE8EXGwvJE9hu7W2vHwx1+bd6gCYnln9nLbzxFTrcO9YQDZw=="
    },
    "node_modules/xss": {
      "version": "1.0.15",
      "resolved": "https://registry.npmjs.org/xss/-/xss-1.0.15.tgz",
      "integrity": "sha512-FVdlVVC67WOIPvfOwhoMETV72f6GbW7aOabBC3WxN/oUdoEMDyLz4OgRv5/gck2ZeNqEQu+Tb0kloovXOfpYVg==",
      "dependencies": {
        "commander": "^2.20.3",
        "cssfilter": "0.0.10"
      },
      "bin": {
        "xss": "bin/xss"
      },
      "engines": {
        "node": ">= 0.10.0"
      }
    }
  }
}
